
Microsoft Visual Studio Solution File, Format Version 12.00
# Visual Studio 14
VisualStudioVersion = 14.0.25420.1
MinimumVisualStudioVersion = 10.0.40219.1
Project("{FAE04EC0-301F-11D3-BF4B-00C04F79EFBC}") = "Employee_Data_With_Access", "Employee_Data_With_Access\Employee_Data_With_Access.csproj", "{A317D65B-6176-4B3B-9C3E-4CDF5A3DF7C7}"
EndProject
Global
	GlobalSection(SolutionConfigurationPlatforms) = preSolution
		Debug|Any CPU = Debug|Any CPU
		Release|Any CPU = Release|Any CPU
	EndGlobalSection
	GlobalSection(ProjectConfigurationPlatforms) = postSolution
		{A317D65B-6176-4B3B-9C3E-4CDF5A3DF7C7}.Debug|Any CPU.ActiveCfg = Debug|Any CPU
		{A317D65B-6176-4B3B-9C3E-4CDF5A3DF7C7}.Debug|Any CPU.Build.0 = Debug|Any CPU
		{A317D65B-6176-4B3B-9C3E-4CDF5A3DF7C7}.Release|Any CPU.ActiveCfg = Release|Any CPU
		{A317D65B-6176-4B3B-9C3E-4CDF5A3DF7C7}.Release|Any CPU.Build.0 = Release|Any CPU
	EndGlobalSection
	GlobalSection(SolutionProperties) = preSolution
		HideSolutionNode = FALSE
	EndGlobalSection
EndGlobal
