
Microsoft Visual Studio Solution File, Format Version 12.00
# Visual Studio Version 17
VisualStudioVersion = 17.3.32811.315
MinimumVisualStudioVersion = 10.0.40219.1
Project("{FAE04EC0-301F-11D3-BF4B-00C04F79EFBC}") = "MyFoods", "MyFoods\MyFoods.csproj", "{2C221E80-7D63-4471-B0EF-A6A955A501AE}"
EndProject
Global
	GlobalSection(SolutionConfigurationPlatforms) = preSolution
		Debug|Any CPU = Debug|Any CPU
		Release|Any CPU = Release|Any CPU
	EndGlobalSection
	GlobalSection(ProjectConfigurationPlatforms) = postSolution
		{2C221E80-7D63-4471-B0EF-A6A955A501AE}.Debug|Any CPU.ActiveCfg = Debug|Any CPU
		{2C221E80-7D63-4471-B0EF-A6A955A501AE}.Debug|Any CPU.Build.0 = Debug|Any CPU
		{2C221E80-7D63-4471-B0EF-A6A955A501AE}.Release|Any CPU.ActiveCfg = Release|Any CPU
		{2C221E80-7D63-4471-B0EF-A6A955A501AE}.Release|Any CPU.Build.0 = Release|Any CPU
	EndGlobalSection
	GlobalSection(SolutionProperties) = preSolution
		HideSolutionNode = FALSE
	EndGlobalSection
	GlobalSection(ExtensibilityGlobals) = postSolution
		SolutionGuid = {8523EBF9-9F13-4831-AA87-866C26F7B81A}
	EndGlobalSection
EndGlobal
