
Microsoft Visual Studio Solution File, Format Version 12.00
# Visual Studio Version 17
VisualStudioVersion = 17.3.32811.315
MinimumVisualStudioVersion = 10.0.40219.1
Project("{FAE04EC0-301F-11D3-BF4B-00C04F79EFBC}") = "AllDBMS", "AllDBMS\AllDBMS.csproj", "{19029321-3BB3-4E69-9EE7-60C098EF77DE}"
EndProject
Global
	GlobalSection(SolutionConfigurationPlatforms) = preSolution
		Debug|Any CPU = Debug|Any CPU
		Release|Any CPU = Release|Any CPU
	EndGlobalSection
	GlobalSection(ProjectConfigurationPlatforms) = postSolution
		{19029321-3BB3-4E69-9EE7-60C098EF77DE}.Debug|Any CPU.ActiveCfg = Debug|Any CPU
		{19029321-3BB3-4E69-9EE7-60C098EF77DE}.Debug|Any CPU.Build.0 = Debug|Any CPU
		{19029321-3BB3-4E69-9EE7-60C098EF77DE}.Release|Any CPU.ActiveCfg = Release|Any CPU
		{19029321-3BB3-4E69-9EE7-60C098EF77DE}.Release|Any CPU.Build.0 = Release|Any CPU
	EndGlobalSection
	GlobalSection(SolutionProperties) = preSolution
		HideSolutionNode = FALSE
	EndGlobalSection
	GlobalSection(ExtensibilityGlobals) = postSolution
		SolutionGuid = {3136B8C4-FD5E-49BA-A965-079F3BC76DAC}
	EndGlobalSection
EndGlobal
